
Microsoft Visual Studio Solution File, Format Version 12.00
# Visual Studio Version 17
VisualStudioVersion = 17.5.33530.505
MinimumVisualStudioVersion = 10.0.40219.1
Project("{9A19103F-16F7-4668-BE54-9A1E7A4F7556}") = "Stocks.API", "Stocks.API\Stocks.API.csproj", "{04D1E8D2-E794-4A39-8FB2-C08FD8DEA19B}"
EndProject
Project("{FAE04EC0-301F-11D3-BF4B-00C04F79EFBC}") = "Stocks.Domain", "Stocks.Domain\Stocks.Domain.csproj", "{EB47D953-FFEF-4A07-8519-0F2057FB9DA1}"
EndProject
Project("{FAE04EC0-301F-11D3-BF4B-00C04F79EFBC}") = "Stocks.Infrastructure", "Stocks.Infrastructure\Stocks.Infrastructure.csproj", "{7FA033BA-4389-4820-A102-1731612A620C}"
EndProject
Project("{FAE04EC0-301F-11D3-BF4B-00C04F79EFBC}") = "Stocks.Services", "Stocks.Services\Stocks.Services.csproj", "{4BE2889C-1A89-4FCC-B947-2429D33DEE03}"
EndProject
Global
	GlobalSection(SolutionConfigurationPlatforms) = preSolution
		Debug|Any CPU = Debug|Any CPU
		Release|Any CPU = Release|Any CPU
	EndGlobalSection
	GlobalSection(ProjectConfigurationPlatforms) = postSolution
		{04D1E8D2-E794-4A39-8FB2-C08FD8DEA19B}.Debug|Any CPU.ActiveCfg = Debug|Any CPU
		{04D1E8D2-E794-4A39-8FB2-C08FD8DEA19B}.Debug|Any CPU.Build.0 = Debug|Any CPU
		{04D1E8D2-E794-4A39-8FB2-C08FD8DEA19B}.Release|Any CPU.ActiveCfg = Release|Any CPU
		{04D1E8D2-E794-4A39-8FB2-C08FD8DEA19B}.Release|Any CPU.Build.0 = Release|Any CPU
		{EB47D953-FFEF-4A07-8519-0F2057FB9DA1}.Debug|Any CPU.ActiveCfg = Debug|Any CPU
		{EB47D953-FFEF-4A07-8519-0F2057FB9DA1}.Debug|Any CPU.Build.0 = Debug|Any CPU
		{EB47D953-FFEF-4A07-8519-0F2057FB9DA1}.Release|Any CPU.ActiveCfg = Release|Any CPU
		{EB47D953-FFEF-4A07-8519-0F2057FB9DA1}.Release|Any CPU.Build.0 = Release|Any CPU
		{7FA033BA-4389-4820-A102-1731612A620C}.Debug|Any CPU.ActiveCfg = Debug|Any CPU
		{7FA033BA-4389-4820-A102-1731612A620C}.Debug|Any CPU.Build.0 = Debug|Any CPU
		{7FA033BA-4389-4820-A102-1731612A620C}.Release|Any CPU.ActiveCfg = Release|Any CPU
		{7FA033BA-4389-4820-A102-1731612A620C}.Release|Any CPU.Build.0 = Release|Any CPU
		{4BE2889C-1A89-4FCC-B947-2429D33DEE03}.Debug|Any CPU.ActiveCfg = Debug|Any CPU
		{4BE2889C-1A89-4FCC-B947-2429D33DEE03}.Debug|Any CPU.Build.0 = Debug|Any CPU
		{4BE2889C-1A89-4FCC-B947-2429D33DEE03}.Release|Any CPU.ActiveCfg = Release|Any CPU
		{4BE2889C-1A89-4FCC-B947-2429D33DEE03}.Release|Any CPU.Build.0 = Release|Any CPU
	EndGlobalSection
	GlobalSection(SolutionProperties) = preSolution
		HideSolutionNode = FALSE
	EndGlobalSection
	GlobalSection(ExtensibilityGlobals) = postSolution
		SolutionGuid = {D6D1171D-F330-4949-8F6D-0460863635E9}
	EndGlobalSection
EndGlobal
